<?xml version="1.0" encoding="utf-8"?>
<Project ToolsVersion="4.0" xmlns="http://schemas.microsoft.com/developer/msbuild/2003">
  <ItemGroup>
    <Filter Include="Source Files">
      <UniqueIdentifier>{4FC737F1-C7A5-4376-A066-2A32D752A2FF}</UniqueIdentifier>
      <Extensions>cpp;c;cc;cxx;def;odl;idl;hpj;bat;asm;asmx</Extensions>
    </Filter>
    <Filter Include="Header Files">
      <UniqueIdentifier>{93995380-89BD-4b04-88EB-625FBE52EBFB}</UniqueIdentifier>
      <Extensions>h;hpp;hxx;hm;inl;inc;xsd</Extensions>
    </Filter>
    <Filter Include="Resource Files">
      <UniqueIdentifier>{67DA6AB6-F800-4c08-8B7A-83BB121AAD01}</UniqueIdentifier>
      <Extensions>rc;ico;cur;bmp;dlg;rc2;rct;bin;rgs;gif;jpg;jpeg;jpe;resx;tiff;tif;png;wav;mfcribbon-ms</Extensions>
    </Filter>
  </ItemGroup>
  <ItemGroup>
    <ClInclude Include="include\IVirtualDiskProxy.h">
      <Filter>Header Files</Filter>
    </ClInclude>
    <ClInclude Include="include\CVirtualDisk.h">
      <Filter>Header Files</Filter>
    </ClInclude>
    <ClInclude Include="include\file_dir_base.h">
      <Filter>Header Files</Filter>
    </ClInclude>
    <ClInclude Include="include\globalBase.h">
      <Filter>Header Files</Filter>
    </ClInclude>
    <ClInclude Include="include\inline_func.h">
      <Filter>Header Files</Filter>
    </ClInclude>
    <ClInclude Include="include\mylist.h">
      <Filter>Header Files</Filter>
    </ClInclude>
    <ClInclude Include="include\mystring.h">
      <Filter>Header Files</Filter>
    </ClInclude>
    <ClInclude Include="include\stdafx.h">
      <Filter>Header Files</Filter>
    </ClInclude>
    <ClInclude Include="include\targetver.h">
      <Filter>Header Files</Filter>
    </ClInclude>
    <ClInclude Include="include\virtualdisk.h">
      <Filter>Header Files</Filter>
    </ClInclude>
    <ClInclude Include="include\CFindResult.h">
      <Filter>Header Files</Filter>
    </ClInclude>
    <ClInclude Include="include\CVolumn.h">
      <Filter>Header Files</Filter>
    </ClInclude>
    <ClInclude Include="include\CVirtualDiskProxy.h">
      <Filter>Header Files</Filter>
    </ClInclude>
    <ClInclude Include="include\CCmd.h">
      <Filter>Header Files</Filter>
    </ClInclude>
  </ItemGroup>
  <ItemGroup>
    <ClCompile Include="stdafx.cpp">
      <Filter>Source Files</Filter>
    </ClCompile>
    <ClCompile Include="CVirtualDisk.cpp">
      <Filter>Source Files</Filter>
    </ClCompile>
    <ClCompile Include="file_dir_base.cpp">
      <Filter>Source Files</Filter>
    </ClCompile>
    <ClCompile Include="inline_func.cpp">
      <Filter>Source Files</Filter>
    </ClCompile>
    <ClCompile Include="mystring.cpp">
      <Filter>Source Files</Filter>
    </ClCompile>
    <ClCompile Include="CFindResult.cpp">
      <Filter>Source Files</Filter>
    </ClCompile>
    <ClCompile Include="CVolumn.cpp">
      <Filter>Source Files</Filter>
    </ClCompile>
    <ClCompile Include="CVirtualDiskProxy.cpp">
      <Filter>Source Files</Filter>
    </ClCompile>
    <ClCompile Include="CCmd.cpp">
      <Filter>Source Files</Filter>
    </ClCompile>
  </ItemGroup>
</Project>